
Microsoft Visual Studio Solution File, Format Version 12.00
# Visual Studio Version 17
VisualStudioVersion = 17.2.32616.157
MinimumVisualStudioVersion = 10.0.40219.1
Project("{FAE04EC0-301F-11D3-BF4B-00C04F79EFBC}") = "ZSCY_Win10", "ZSCY_Win10\ZSCY_Win10.csproj", "{C808DFFD-689B-4140-A920-24D9067CE3D2}"
EndProject
Project("{FAE04EC0-301F-11D3-BF4B-00C04F79EFBC}") = "LiveTileBackgroundTask", "LiveTileBackgroundTask\LiveTileBackgroundTask.csproj", "{2896BBF7-5113-482E-B827-166C0C1429E5}"
EndProject
Project("{FAE04EC0-301F-11D3-BF4B-00C04F79EFBC}") = "SycnRemindBackgroundTask", "SycnRemindBackgroundTask\SycnRemindBackgroundTask.csproj", "{38A8CD9D-386D-408D-BA00-BE6BF45ECB00}"
EndProject
Global
	GlobalSection(SolutionConfigurationPlatforms) = preSolution
		Debug|Any CPU = Debug|Any CPU
		Debug|ARM = Debug|ARM
		Debug|x64 = Debug|x64
		Debug|x86 = Debug|x86
		Release|Any CPU = Release|Any CPU
		Release|ARM = Release|ARM
		Release|x64 = Release|x64
		Release|x86 = Release|x86
	EndGlobalSection
	GlobalSection(ProjectConfigurationPlatforms) = postSolution
		{C808DFFD-689B-4140-A920-24D9067CE3D2}.Debug|Any CPU.ActiveCfg = Debug|x64
		{C808DFFD-689B-4140-A920-24D9067CE3D2}.Debug|Any CPU.Build.0 = Debug|x64
		{C808DFFD-689B-4140-A920-24D9067CE3D2}.Debug|Any CPU.Deploy.0 = Debug|x64
		{C808DFFD-689B-4140-A920-24D9067CE3D2}.Debug|ARM.ActiveCfg = Debug|ARM
		{C808DFFD-689B-4140-A920-24D9067CE3D2}.Debug|ARM.Build.0 = Debug|ARM
		{C808DFFD-689B-4140-A920-24D9067CE3D2}.Debug|ARM.Deploy.0 = Debug|ARM
		{C808DFFD-689B-4140-A920-24D9067CE3D2}.Debug|x64.ActiveCfg = Debug|x64
		{C808DFFD-689B-4140-A920-24D9067CE3D2}.Debug|x64.Build.0 = Debug|x64
		{C808DFFD-689B-4140-A920-24D9067CE3D2}.Debug|x64.Deploy.0 = Debug|x64
		{C808DFFD-689B-4140-A920-24D9067CE3D2}.Debug|x86.ActiveCfg = Debug|x86
		{C808DFFD-689B-4140-A920-24D9067CE3D2}.Debug|x86.Build.0 = Debug|x86
		{C808DFFD-689B-4140-A920-24D9067CE3D2}.Debug|x86.Deploy.0 = Debug|x86
		{C808DFFD-689B-4140-A920-24D9067CE3D2}.Release|Any CPU.ActiveCfg = Release|x86
		{C808DFFD-689B-4140-A920-24D9067CE3D2}.Release|ARM.ActiveCfg = Release|ARM
		{C808DFFD-689B-4140-A920-24D9067CE3D2}.Release|ARM.Build.0 = Release|ARM
		{C808DFFD-689B-4140-A920-24D9067CE3D2}.Release|ARM.Deploy.0 = Release|ARM
		{C808DFFD-689B-4140-A920-24D9067CE3D2}.Release|x64.ActiveCfg = Release|x64
		{C808DFFD-689B-4140-A920-24D9067CE3D2}.Release|x64.Build.0 = Release|x64
		{C808DFFD-689B-4140-A920-24D9067CE3D2}.Release|x64.Deploy.0 = Release|x64
		{C808DFFD-689B-4140-A920-24D9067CE3D2}.Release|x86.ActiveCfg = Release|x86
		{C808DFFD-689B-4140-A920-24D9067CE3D2}.Release|x86.Build.0 = Release|x86
		{C808DFFD-689B-4140-A920-24D9067CE3D2}.Release|x86.Deploy.0 = Release|x86
		{2896BBF7-5113-482E-B827-166C0C1429E5}.Debug|Any CPU.ActiveCfg = Debug|Any CPU
		{2896BBF7-5113-482E-B827-166C0C1429E5}.Debug|Any CPU.Build.0 = Debug|Any CPU
		{2896BBF7-5113-482E-B827-166C0C1429E5}.Debug|ARM.ActiveCfg = Debug|ARM
		{2896BBF7-5113-482E-B827-166C0C1429E5}.Debug|ARM.Build.0 = Debug|ARM
		{2896BBF7-5113-482E-B827-166C0C1429E5}.Debug|x64.ActiveCfg = Debug|x64
		{2896BBF7-5113-482E-B827-166C0C1429E5}.Debug|x64.Build.0 = Debug|x64
		{2896BBF7-5113-482E-B827-166C0C1429E5}.Debug|x86.ActiveCfg = Debug|x86
		{2896BBF7-5113-482E-B827-166C0C1429E5}.Debug|x86.Build.0 = Debug|x86
		{2896BBF7-5113-482E-B827-166C0C1429E5}.Release|Any CPU.ActiveCfg = Release|Any CPU
		{2896BBF7-5113-482E-B827-166C0C1429E5}.Release|Any CPU.Build.0 = Release|Any CPU
		{2896BBF7-5113-482E-B827-166C0C1429E5}.Release|ARM.ActiveCfg = Release|ARM
		{2896BBF7-5113-482E-B827-166C0C1429E5}.Release|ARM.Build.0 = Release|ARM
		{2896BBF7-5113-482E-B827-166C0C1429E5}.Release|x64.ActiveCfg = Release|x64
		{2896BBF7-5113-482E-B827-166C0C1429E5}.Release|x64.Build.0 = Release|x64
		{2896BBF7-5113-482E-B827-166C0C1429E5}.Release|x86.ActiveCfg = Release|x86
		{2896BBF7-5113-482E-B827-166C0C1429E5}.Release|x86.Build.0 = Release|x86
		{38A8CD9D-386D-408D-BA00-BE6BF45ECB00}.Debug|Any CPU.ActiveCfg = Debug|x64
		{38A8CD9D-386D-408D-BA00-BE6BF45ECB00}.Debug|Any CPU.Build.0 = Debug|x64
		{38A8CD9D-386D-408D-BA00-BE6BF45ECB00}.Debug|ARM.ActiveCfg = Debug|ARM
		{38A8CD9D-386D-408D-BA00-BE6BF45ECB00}.Debug|ARM.Build.0 = Debug|ARM
		{38A8CD9D-386D-408D-BA00-BE6BF45ECB00}.Debug|x64.ActiveCfg = Debug|x64
		{38A8CD9D-386D-408D-BA00-BE6BF45ECB00}.Debug|x64.Build.0 = Debug|x64
		{38A8CD9D-386D-408D-BA00-BE6BF45ECB00}.Debug|x86.ActiveCfg = Debug|x86
		{38A8CD9D-386D-408D-BA00-BE6BF45ECB00}.Debug|x86.Build.0 = Debug|x86
		{38A8CD9D-386D-408D-BA00-BE6BF45ECB00}.Release|Any CPU.ActiveCfg = Release|Any CPU
		{38A8CD9D-386D-408D-BA00-BE6BF45ECB00}.Release|Any CPU.Build.0 = Release|Any CPU
		{38A8CD9D-386D-408D-BA00-BE6BF45ECB00}.Release|ARM.ActiveCfg = Release|ARM
		{38A8CD9D-386D-408D-BA00-BE6BF45ECB00}.Release|ARM.Build.0 = Release|ARM
		{38A8CD9D-386D-408D-BA00-BE6BF45ECB00}.Release|x64.ActiveCfg = Release|x64
		{38A8CD9D-386D-408D-BA00-BE6BF45ECB00}.Release|x64.Build.0 = Release|x64
		{38A8CD9D-386D-408D-BA00-BE6BF45ECB00}.Release|x86.ActiveCfg = Release|x86
		{38A8CD9D-386D-408D-BA00-BE6BF45ECB00}.Release|x86.Build.0 = Release|x86
	EndGlobalSection
	GlobalSection(SolutionProperties) = preSolution
		HideSolutionNode = FALSE
	EndGlobalSection
	GlobalSection(ExtensibilityGlobals) = postSolution
		SolutionGuid = {5A600AA8-53E1-491A-86FA-68B83A0B2A35}
	EndGlobalSection
EndGlobal
